
Microsoft Visual Studio Solution File, Format Version 9.00
# Visual Studio 2005
# Clarion 2.1.0.2447
Project("{12B76EC0-1D7B-4FA7-A7D0-C524288B48A1}") = "FromTemplate", "FromTemplate.cwproj", "{5BAA2AA2-F5DC-4B32-9010-78C58D84F3EC}"
EndProject
Global
	GlobalSection(SolutionConfigurationPlatforms) = preSolution
		Debug|Win32 = Debug|Win32
		Release|Win32 = Release|Win32
	EndGlobalSection
	GlobalSection(ProjectConfigurationPlatforms) = postSolution
		{5BAA2AA2-F5DC-4B32-9010-78C58D84F3EC}.Debug|Win32.Build.0 = Debug|Win32
		{5BAA2AA2-F5DC-4B32-9010-78C58D84F3EC}.Debug|Win32.ActiveCfg = Debug|Win32
		{5BAA2AA2-F5DC-4B32-9010-78C58D84F3EC}.Release|Win32.Build.0 = Release|Win32
		{5BAA2AA2-F5DC-4B32-9010-78C58D84F3EC}.Release|Win32.ActiveCfg = Release|Win32
	EndGlobalSection
EndGlobal
